
Microsoft Visual Studio Solution File, Format Version 12.00
# Visual Studio 2013
VisualStudioVersion = 12.0.21005.1
MinimumVisualStudioVersion = 10.0.40219.1
Project("{2150E333-8FDC-42A3-9474-1A3956D46DE8}") = "Business", "Business", "{D1073169-D880-4F95-A792-9D806A851D0A}"
EndProject
Project("{2150E333-8FDC-42A3-9474-1A3956D46DE8}") = "Data", "Data", "{7B17A626-4CEE-4451-B903-C845DDDE8B9A}"
EndProject
Project("{2150E333-8FDC-42A3-9474-1A3956D46DE8}") = "Domain", "Domain", "{45F4C70C-B101-4296-A830-D1E3C5D87736}"
EndProject
Project("{2150E333-8FDC-42A3-9474-1A3956D46DE8}") = "UI", "UI", "{8066C7E3-C3E2-4D36-87F9-674D411BA3F5}"
EndProject
Project("{2150E333-8FDC-42A3-9474-1A3956D46DE8}") = "Common", "Common", "{533DB356-27EE-487E-B8A9-818C0D0BFB6A}"
EndProject
Project("{FAE04EC0-301F-11D3-BF4B-00C04F79EFBC}") = "NHibernateCfg", "Data\NHibernate.Cfg\NHibernateCfg.csproj", "{849BAE22-68A8-4A4A-8DDD-C52A348B8487}"
EndProject
Project("{FAE04EC0-301F-11D3-BF4B-00C04F79EFBC}") = "FbCollector.Data", "Data\FbCollector.Data\FbCollector.Data.csproj", "{3591F96E-3303-4305-95F5-088247E8444A}"
EndProject
Project("{FAE04EC0-301F-11D3-BF4B-00C04F79EFBC}") = "FbCollector.Intefraces", "Business\FbCollector.Intefraces\FbCollector.Intefraces.csproj", "{90D65939-A721-44EC-A6BD-908CCA7B1F8D}"
EndProject
Project("{FAE04EC0-301F-11D3-BF4B-00C04F79EFBC}") = "FbCollector.Services", "Business\FbCollector.Services\FbCollector.Services.csproj", "{BEF16E13-1389-45F7-A78F-39C1CB784053}"
EndProject
Project("{FAE04EC0-301F-11D3-BF4B-00C04F79EFBC}") = "FbCollector.Domain", "Domain\FbCollector.Domain\FbCollector.Domain.csproj", "{138F3D7C-A6AA-41FD-9C20-80BDFDD133E0}"
EndProject
Project("{FAE04EC0-301F-11D3-BF4B-00C04F79EFBC}") = "FbCollector.Domain.Mapper", "Domain\FbCollector.Domain.Mapper\FbCollector.Domain.Mapper.csproj", "{71708CB7-7912-4419-8535-E2D5C3FBFF5F}"
EndProject
Project("{FAE04EC0-301F-11D3-BF4B-00C04F79EFBC}") = "FbCollector.FluentValidators", "Domain\FbCollector.FluentValidators\FbCollector.FluentValidators.csproj", "{1D7F8397-1967-412B-916D-DE8A0357E5A9}"
EndProject
Project("{FAE04EC0-301F-11D3-BF4B-00C04F79EFBC}") = "FbCollector.Infrastructure", "Domain\FbCollector.Infrastructure\FbCollector.Infrastructure.csproj", "{1D8AF1C5-0B42-4870-9426-EB7821D43D5A}"
EndProject
Project("{FAE04EC0-301F-11D3-BF4B-00C04F79EFBC}") = "FbCollector.Models", "Domain\FbCollector.Models\FbCollector.Models.csproj", "{46FCC2BB-9426-431B-813E-476A7A3A0771}"
EndProject
Project("{FAE04EC0-301F-11D3-BF4B-00C04F79EFBC}") = "FbCollector.Web", "UI\FbCollector.Web\FbCollector.Web.csproj", "{F6F6E5DC-07E8-4DD5-B6EC-B40459CE040C}"
EndProject
Global
	GlobalSection(SolutionConfigurationPlatforms) = preSolution
		Debug|Any CPU = Debug|Any CPU
		Release|Any CPU = Release|Any CPU
	EndGlobalSection
	GlobalSection(ProjectConfigurationPlatforms) = postSolution
		{849BAE22-68A8-4A4A-8DDD-C52A348B8487}.Debug|Any CPU.ActiveCfg = Debug|Any CPU
		{849BAE22-68A8-4A4A-8DDD-C52A348B8487}.Debug|Any CPU.Build.0 = Debug|Any CPU
		{849BAE22-68A8-4A4A-8DDD-C52A348B8487}.Release|Any CPU.ActiveCfg = Release|Any CPU
		{849BAE22-68A8-4A4A-8DDD-C52A348B8487}.Release|Any CPU.Build.0 = Release|Any CPU
		{3591F96E-3303-4305-95F5-088247E8444A}.Debug|Any CPU.ActiveCfg = Debug|Any CPU
		{3591F96E-3303-4305-95F5-088247E8444A}.Debug|Any CPU.Build.0 = Debug|Any CPU
		{3591F96E-3303-4305-95F5-088247E8444A}.Release|Any CPU.ActiveCfg = Release|Any CPU
		{3591F96E-3303-4305-95F5-088247E8444A}.Release|Any CPU.Build.0 = Release|Any CPU
		{90D65939-A721-44EC-A6BD-908CCA7B1F8D}.Debug|Any CPU.ActiveCfg = Debug|Any CPU
		{90D65939-A721-44EC-A6BD-908CCA7B1F8D}.Debug|Any CPU.Build.0 = Debug|Any CPU
		{90D65939-A721-44EC-A6BD-908CCA7B1F8D}.Release|Any CPU.ActiveCfg = Release|Any CPU
		{90D65939-A721-44EC-A6BD-908CCA7B1F8D}.Release|Any CPU.Build.0 = Release|Any CPU
		{BEF16E13-1389-45F7-A78F-39C1CB784053}.Debug|Any CPU.ActiveCfg = Debug|Any CPU
		{BEF16E13-1389-45F7-A78F-39C1CB784053}.Debug|Any CPU.Build.0 = Debug|Any CPU
		{BEF16E13-1389-45F7-A78F-39C1CB784053}.Release|Any CPU.ActiveCfg = Release|Any CPU
		{BEF16E13-1389-45F7-A78F-39C1CB784053}.Release|Any CPU.Build.0 = Release|Any CPU
		{138F3D7C-A6AA-41FD-9C20-80BDFDD133E0}.Debug|Any CPU.ActiveCfg = Debug|Any CPU
		{138F3D7C-A6AA-41FD-9C20-80BDFDD133E0}.Debug|Any CPU.Build.0 = Debug|Any CPU
		{138F3D7C-A6AA-41FD-9C20-80BDFDD133E0}.Release|Any CPU.ActiveCfg = Release|Any CPU
		{138F3D7C-A6AA-41FD-9C20-80BDFDD133E0}.Release|Any CPU.Build.0 = Release|Any CPU
		{71708CB7-7912-4419-8535-E2D5C3FBFF5F}.Debug|Any CPU.ActiveCfg = Debug|Any CPU
		{71708CB7-7912-4419-8535-E2D5C3FBFF5F}.Debug|Any CPU.Build.0 = Debug|Any CPU
		{71708CB7-7912-4419-8535-E2D5C3FBFF5F}.Release|Any CPU.ActiveCfg = Release|Any CPU
		{71708CB7-7912-4419-8535-E2D5C3FBFF5F}.Release|Any CPU.Build.0 = Release|Any CPU
		{1D7F8397-1967-412B-916D-DE8A0357E5A9}.Debug|Any CPU.ActiveCfg = Debug|Any CPU
		{1D7F8397-1967-412B-916D-DE8A0357E5A9}.Debug|Any CPU.Build.0 = Debug|Any CPU
		{1D7F8397-1967-412B-916D-DE8A0357E5A9}.Release|Any CPU.ActiveCfg = Release|Any CPU
		{1D7F8397-1967-412B-916D-DE8A0357E5A9}.Release|Any CPU.Build.0 = Release|Any CPU
		{1D8AF1C5-0B42-4870-9426-EB7821D43D5A}.Debug|Any CPU.ActiveCfg = Debug|Any CPU
		{1D8AF1C5-0B42-4870-9426-EB7821D43D5A}.Debug|Any CPU.Build.0 = Debug|Any CPU
		{1D8AF1C5-0B42-4870-9426-EB7821D43D5A}.Release|Any CPU.ActiveCfg = Release|Any CPU
		{1D8AF1C5-0B42-4870-9426-EB7821D43D5A}.Release|Any CPU.Build.0 = Release|Any CPU
		{46FCC2BB-9426-431B-813E-476A7A3A0771}.Debug|Any CPU.ActiveCfg = Debug|Any CPU
		{46FCC2BB-9426-431B-813E-476A7A3A0771}.Debug|Any CPU.Build.0 = Debug|Any CPU
		{46FCC2BB-9426-431B-813E-476A7A3A0771}.Release|Any CPU.ActiveCfg = Release|Any CPU
		{46FCC2BB-9426-431B-813E-476A7A3A0771}.Release|Any CPU.Build.0 = Release|Any CPU
		{F6F6E5DC-07E8-4DD5-B6EC-B40459CE040C}.Debug|Any CPU.ActiveCfg = Debug|Any CPU
		{F6F6E5DC-07E8-4DD5-B6EC-B40459CE040C}.Debug|Any CPU.Build.0 = Debug|Any CPU
		{F6F6E5DC-07E8-4DD5-B6EC-B40459CE040C}.Release|Any CPU.ActiveCfg = Release|Any CPU
		{F6F6E5DC-07E8-4DD5-B6EC-B40459CE040C}.Release|Any CPU.Build.0 = Release|Any CPU
	EndGlobalSection
	GlobalSection(SolutionProperties) = preSolution
		HideSolutionNode = FALSE
	EndGlobalSection
	GlobalSection(NestedProjects) = preSolution
		{90D65939-A721-44EC-A6BD-908CCA7B1F8D} = {D1073169-D880-4F95-A792-9D806A851D0A}
		{BEF16E13-1389-45F7-A78F-39C1CB784053} = {D1073169-D880-4F95-A792-9D806A851D0A}
		{849BAE22-68A8-4A4A-8DDD-C52A348B8487} = {7B17A626-4CEE-4451-B903-C845DDDE8B9A}
		{3591F96E-3303-4305-95F5-088247E8444A} = {7B17A626-4CEE-4451-B903-C845DDDE8B9A}
		{138F3D7C-A6AA-41FD-9C20-80BDFDD133E0} = {45F4C70C-B101-4296-A830-D1E3C5D87736}
		{71708CB7-7912-4419-8535-E2D5C3FBFF5F} = {45F4C70C-B101-4296-A830-D1E3C5D87736}
		{1D7F8397-1967-412B-916D-DE8A0357E5A9} = {45F4C70C-B101-4296-A830-D1E3C5D87736}
		{1D8AF1C5-0B42-4870-9426-EB7821D43D5A} = {45F4C70C-B101-4296-A830-D1E3C5D87736}
		{46FCC2BB-9426-431B-813E-476A7A3A0771} = {45F4C70C-B101-4296-A830-D1E3C5D87736}
		{F6F6E5DC-07E8-4DD5-B6EC-B40459CE040C} = {8066C7E3-C3E2-4D36-87F9-674D411BA3F5}
	EndGlobalSection
EndGlobal
